
Microsoft Visual Studio Solution File, Format Version 12.00
# Visual Studio Version 17
VisualStudioVersion = 17.9.34728.123
MinimumVisualStudioVersion = 10.0.40219.1
Project("{9A19103F-16F7-4668-BE54-9A1E7A4F7556}") = "FlightBookingApp", "FlightBookingApp\FlightBookingApp.csproj", "{7B110523-3585-4388-AE2C-18227C016E6E}"
EndProject
Project("{9A19103F-16F7-4668-BE54-9A1E7A4F7556}") = "FlightProvider", "FlightProvider\src\FlightProvider\FlightProvider.csproj", "{7D79FC8B-BD6E-4366-9D19-4E1F35B97D98}"
EndProject
Global
	GlobalSection(SolutionConfigurationPlatforms) = preSolution
		Debug|Any CPU = Debug|Any CPU
		Release|Any CPU = Release|Any CPU
	EndGlobalSection
	GlobalSection(ProjectConfigurationPlatforms) = postSolution
		{7B110523-3585-4388-AE2C-18227C016E6E}.Debug|Any CPU.ActiveCfg = Debug|Any CPU
		{7B110523-3585-4388-AE2C-18227C016E6E}.Debug|Any CPU.Build.0 = Debug|Any CPU
		{7B110523-3585-4388-AE2C-18227C016E6E}.Release|Any CPU.ActiveCfg = Release|Any CPU
		{7B110523-3585-4388-AE2C-18227C016E6E}.Release|Any CPU.Build.0 = Release|Any CPU
		{7D79FC8B-BD6E-4366-9D19-4E1F35B97D98}.Debug|Any CPU.ActiveCfg = Debug|Any CPU
		{7D79FC8B-BD6E-4366-9D19-4E1F35B97D98}.Debug|Any CPU.Build.0 = Debug|Any CPU
		{7D79FC8B-BD6E-4366-9D19-4E1F35B97D98}.Release|Any CPU.ActiveCfg = Release|Any CPU
		{7D79FC8B-BD6E-4366-9D19-4E1F35B97D98}.Release|Any CPU.Build.0 = Release|Any CPU
	EndGlobalSection
	GlobalSection(SolutionProperties) = preSolution
		HideSolutionNode = FALSE
	EndGlobalSection
	GlobalSection(ExtensibilityGlobals) = postSolution
		SolutionGuid = {A85E7CB8-DDD4-4FFB-8EA8-E98552D92F5B}
	EndGlobalSection
EndGlobal
